// !$*UTF8*$!
{
	archiveVersion = 1;
	classes = {
	};
	objectVersion = 50;
	objects = {

/* Begin PBXBuildFile section */
		B11368612649D0E400B5AFC3 /* AppDelegate.swift in Sources */ = {isa = PBXBuildFile; fileRef = B11368602649D0E400B5AFC3 /* AppDelegate.swift */; };
		B11368632649D0E400B5AFC3 /* SceneDelegate.swift in Sources */ = {isa = PBXBuildFile; fileRef = B11368622649D0E400B5AFC3 /* SceneDelegate.swift */; };
		B11368652649D0E400B5AFC3 /* ViewController.swift in Sources */ = {isa = PBXBuildFile; fileRef = B11368642649D0E400B5AFC3 /* ViewController.swift */; };
		B11368682649D0E400B5AFC3 /* Main.storyboard in Resources */ = {isa = PBXBuildFile; fileRef = B11368662649D0E400B5AFC3 /* Main.storyboard */; };
		B113686A2649D0E500B5AFC3 /* Assets.xcassets in Resources */ = {isa = PBXBuildFile; fileRef = B11368692649D0E500B5AFC3 /* Assets.xcassets */; };
		B113686D2649D0E500B5AFC3 /* LaunchScreen.storyboard in Resources */ = {isa = PBXBuildFile; fileRef = B113686B2649D0E500B5AFC3 /* LaunchScreen.storyboard */; };
		B11368782649D0E500B5AFC3 /* PreworkTests.swift in Sources */ = {isa = PBXBuildFile; fileRef = B11368772649D0E500B5AFC3 /* PreworkTests.swift */; };
		B11368832649D0E500B5AFC3 /* PreworkUITests.swift in Sources */ = {isa = PBXBuildFile; fileRef = B11368822649D0E500B5AFC3 /* PreworkUITests.swift */; };
		B17E3270266D2C8B00411842 /* SettingsViewController.swift in Sources */ = {isa = PBXBuildFile; fileRef = B17E326F266D2C8B00411842 /* SettingsViewController.swift */; };
/* End PBXBuildFile section */

/* Begin PBXContainerItemProxy section */
		B11368742649D0E500B5AFC3 /* PBXContainerItemProxy */ = {
			isa = PBXContainerItemProxy;
			containerPortal = B11368552649D0E400B5AFC3 /* Project object */;
			proxyType = 1;
			remoteGlobalIDString = B113685C2649D0E400B5AFC3;
			remoteInfo = Prework;
		};
		B113687F2649D0E500B5AFC3 /* PBXContainerItemProxy */ = {
			isa = PBXContainerItemProxy;
			containerPortal = B11368552649D0E400B5AFC3 /* Project object */;
			proxyType = 1;
			remoteGlobalIDString = B113685C2649D0E400B5AFC3;
			remoteInfo = Prework;
		};
/* End PBXContainerItemProxy section */

/* Begin PBXFileReference section */
		B113685D2649D0E400B5AFC3 /* Prework.app */ = {isa = PBXFileReference; explicitFileType = wrapper.application; includeInIndex = 0; path = Prework.app; sourceTree = BUILT_PRODUCTS_DIR; };
		B11368602649D0E400B5AFC3 /* AppDelegate.swift */ = {isa = PBXFileReference; lastKnownFileType = sourcecode.swift; path = AppDelegate.swift; sourceTree = "<group>"; };
		B11368622649D0E400B5AFC3 /* SceneDelegate.swift */ = {isa = PBXFileReference; lastKnownFileType = sourcecode.swift; path = SceneDelegate.swift; sourceTree = "<group>"; };
		B11368642649D0E400B5AFC3 /* ViewController.swift */ = {isa = PBXFileReference; lastKnownFileType = sourcecode.swift; path = ViewController.swift; sourceTree = "<group>"; };
		B11368672649D0E400B5AFC3 /* Base */ = {isa = PBXFileReference; lastKnownFileType = file.storyboard; name = Base; path = Base.lproj/Main.storyboard; sourceTree = "<group>"; };
		B11368692649D0E500B5AFC3 /* Assets.xcassets */ = {isa = PBXFileReference; lastKnownFileType = folder.assetcatalog; path = Assets.xcassets; sourceTree = "<group>"; };
		B113686C2649D0E500B5AFC3 /* Base */ = {isa = PBXFileReference; lastKnownFileType = file.storyboard; name = Base; path = Base.lproj/LaunchScreen.storyboard; sourceTree = "<group>"; };
		B113686E2649D0E500B5AFC3 /* Info.plist */ = {isa = PBXFileReference; lastKnownFileType = text.plist.xml; path = Info.plist; sourceTree = "<group>"; };
		B11368732649D0E500B5AFC3 /* PreworkTests.xctest */ = {isa = PBXFileReference; explicitFileType = wrapper.cfbundle; includeInIndex = 0; path = PreworkTests.xctest; sourceTree = BUILT_PRODUCTS_DIR; };
		B11368772649D0E500B5AFC3 /* PreworkTests.swift */ = {isa = PBXFileReference; lastKnownFileType = sourcecode.swift; path = PreworkTests.swift; sourceTree = "<group>"; };
		B11368792649D0E500B5AFC3 /* Info.plist */ = {isa = PBXFileReference; lastKnownFileType = text.plist.xml; path = Info.plist; sourceTree = "<group>"; };
		B113687E2649D0E500B5AFC3 /* PreworkUITests.xctest */ = {isa = PBXFileReference; explicitFileType = wrapper.cfbundle; includeInIndex = 0; path = PreworkUITests.xctest; sourceTree = BUILT_PRODUCTS_DIR; };
		B11368822649D0E500B5AFC3 /* PreworkUITests.swift */ = {isa = PBXFileReference; lastKnownFileType = sourcecode.swift; path = PreworkUITests.swift; sourceTree = "<group>"; };
		B11368842649D0E500B5AFC3 /* Info.plist */ = {isa = PBXFileReference; lastKnownFileType = text.plist.xml; path = Info.plist; sourceTree = "<group>"; };
		B17E326F266D2C8B00411842 /* SettingsViewController.swift */ = {isa = PBXFileReference; lastKnownFileType = sourcecode.swift; path = SettingsViewController.swift; sourceTree = "<group>"; };
/* End PBXFileReference section */

/* Begin PBXFrameworksBuildPhase section */
		B113685A2649D0E400B5AFC3 /* Frameworks */ = {
			isa = PBXFrameworksBuildPhase;
			buildActionMask = 2147483647;
			files = (
			);
			runOnlyForDeploymentPostprocessing = 0;
		};
		B11368702649D0E500B5AFC3 /* Frameworks */ = {
			isa = PBXFrameworksBuildPhase;
			buildActionMask = 2147483647;
			files = (
			);
			runOnlyForDeploymentPostprocessing = 0;
		};
		B113687B2649D0E500B5AFC3 /* Frameworks */ = {
			isa = PBXFrameworksBuildPhase;
			buildActionMask = 2147483647;
			files = (
			);
			runOnlyForDeploymentPostprocessing = 0;
		};
/* End PBXFrameworksBuildPhase section */

/* Begin PBXGroup section */
		B11368542649D0E400B5AFC3 = {
			isa = PBXGroup;
			children = (
				B113685F2649D0E400B5AFC3 /* Prework */,
				B11368762649D0E500B5AFC3 /* PreworkTests */,
				B11368812649D0E500B5AFC3 /* PreworkUITests */,
				B113685E2649D0E400B5AFC3 /* Products */,
			);
			sourceTree = "<group>";
		};
		B113685E2649D0E400B5AFC3 /* Products */ = {
			isa = PBXGroup;
			children = (
				B113685D2649D0E400B5AFC3 /* Prework.app */,
				B11368732649D0E500B5AFC3 /* PreworkTests.xctest */,
				B113687E2649D0E500B5AFC3 /* PreworkUITests.xctest */,
			);
			name = Products;
			sourceTree = "<group>";
		};
		B113685F2649D0E400B5AFC3 /* Prework */ = {
			isa = PBXGroup;
			children = (
				B11368602649D0E400B5AFC3 /* AppDelegate.swift */,
				B11368622649D0E400B5AFC3 /* SceneDelegate.swift */,
				B11368642649D0E400B5AFC3 /* ViewController.swift */,
				B11368662649D0E400B5AFC3 /* Main.storyboard */,
				B17E326F266D2C8B00411842 /* SettingsViewController.swift */,
				B11368692649D0E500B5AFC3 /* Assets.xcassets */,
				B113686B2649D0E500B5AFC3 /* LaunchScreen.storyboard */,
				B113686E2649D0E500B5AFC3 /* Info.plist */,
			);
			path = Prework;
			sourceTree = "<group>";
		};
		B11368762649D0E500B5AFC3 /* PreworkTests */ = {
			isa = PBXGroup;
			children = (
				B11368772649D0E500B5AFC3 /* PreworkTests.swift */,
				B11368792649D0E500B5AFC3 /* Info.plist */,
			);
			path = PreworkTests;
			sourceTree = "<group>";
		};
		B11368812649D0E500B5AFC3 /* PreworkUITests */ = {
			isa = PBXGroup;
			children = (
				B11368822649D0E500B5AFC3 /* PreworkUITests.swift */,
				B11368842649D0E500B5AFC3 /* Info.plist */,
			);
			path = PreworkUITests;
			sourceTree = "<group>";
		};
/* End PBXGroup section */

/* Begin PBXNativeTarget section */
		B113685C2649D0E400B5AFC3 /* Prework */ = {
			isa = PBXNativeTarget;
			buildConfigurationList = B11368872649D0E500B5AFC3 /* Build configuration list for PBXNativeTarget "Prework" */;
			buildPhases = (
				B11368592649D0E400B5AFC3 /* Sources */,
				B113685A2649D0E400B5AFC3 /* Frameworks */,
				B113685B2649D0E400B5AFC3 /* Resources */,
			);
			buildRules = (
			);
			dependencies = (
			);
			name = Prework;
			productName = Prework;
			productReference = B113685D2649D0E400B5AFC3 /* Prework.app */;
			productType = "com.apple.product-type.application";
		};
		B11368722649D0E500B5AFC3 /* PreworkTests */ = {
			isa = PBXNativeTarget;
			buildConfigurationList = B113688A2649D0E500B5AFC3 /* Build configuration list for PBXNativeTarget "PreworkTests" */;
			buildPhases = (
				B113686F2649D0E500B5AFC3 /* Sources */,
				B11368702649D0E500B5AFC3 /* Frameworks */,
				B11368712649D0E500B5AFC3 /* Resources */,
			);
			buildRules = (
			);
			dependencies = (
				B11368752649D0E500B5AFC3 /* PBXTargetDependency */,
			);
			name = PreworkTests;
			productName = PreworkTests;
			productReference = B11368732649D0E500B5AFC3 /* PreworkTests.xctest */;
			productType = "com.apple.product-type.bundle.unit-test";
		};
		B113687D2649D0E500B5AFC3 /* PreworkUITests */ = {
			isa = PBXNativeTarget;
			buildConfigurationList = B113688D2649D0E500B5AFC3 /* Build configuration list for PBXNativeTarget "PreworkUITests" */;
			buildPhases = (
				B113687A2649D0E500B5AFC3 /* Sources */,
				B113687B2649D0E500B5AFC3 /* Frameworks */,
				B113687C2649D0E500B5AFC3 /* Resources */,
			);
			buildRules = (
			);
			dependencies = (
				B11368802649D0E500B5AFC3 /* PBXTargetDependency */,
			);
			name = PreworkUITests;
			productName = PreworkUITests;
			productReference = B113687E2649D0E500B5AFC3 /* PreworkUITests.xctest */;
			productType = "com.apple.product-type.bundle.ui-testing";
		};
/* End PBXNativeTarget section */

/* Begin PBXProject section */
		B11368552649D0E400B5AFC3 /* Project object */ = {
			isa = PBXProject;
			attributes = {
				LastSwiftUpdateCheck = 1240;
				LastUpgradeCheck = 1240;
				TargetAttributes = {
					B113685C2649D0E400B5AFC3 = {
						CreatedOnToolsVersion = 12.4;
					};
					B11368722649D0E500B5AFC3 = {
						CreatedOnToolsVersion = 12.4;
						TestTargetID = B113685C2649D0E400B5AFC3;
					};
					B113687D2649D0E500B5AFC3 = {
						CreatedOnToolsVersion = 12.4;
						TestTargetID = B113685C2649D0E400B5AFC3;
					};
				};
			};
			buildConfigurationList = B11368582649D0E400B5AFC3 /* Build configuration list for PBXProject "Prework" */;
			compatibilityVersion = "Xcode 9.3";
			developmentRegion = en;
			hasScannedForEncodings = 0;
			knownRegions = (
				en,
				Base,
			);
			mainGroup = B11368542649D0E400B5AFC3;
			productRefGroup = B113685E2649D0E400B5AFC3 /* Products */;
			projectDirPath = "";
			projectRoot = "";
			targets = (
				B113685C2649D0E400B5AFC3 /* Prework */,
				B11368722649D0E500B5AFC3 /* PreworkTests */,
				B113687D2649D0E500B5AFC3 /* PreworkUITests */,
			);
		};
/* End PBXProject section */

/* Begin PBXResourcesBuildPhase section */
		B113685B2649D0E400B5AFC3 /* Resources */ = {
			isa = PBXResourcesBuildPhase;
			buildActionMask = 2147483647;
			files = (
				B113686D2649D0E500B5AFC3 /* LaunchScreen.storyboard in Resources */,
				B113686A2649D0E500B5AFC3 /* Assets.xcassets in Resources */,
				B11368682649D0E400B5AFC3 /* Main.storyboard in Resources */,
			);
			runOnlyForDeploymentPostprocessing = 0;
		};
		B11368712649D0E500B5AFC3 /* Resources */ = {
			isa = PBXResourcesBuildPhase;
			buildActionMask = 2147483647;
			files = (
			);
			runOnlyForDeploymentPostprocessing = 0;
		};
		B113687C2649D0E500B5AFC3 /* Resources */ = {
			isa = PBXResourcesBuildPhase;
			buildActionMask = 2147483647;
			files = (
			);
			runOnlyForDeploymentPostprocessing = 0;
		};
/* End PBXResourcesBuildPhase section */

/* Begin PBXSourcesBuildPhase section */
		B11368592649D0E400B5AFC3 /* Sources */ = {
			isa = PBXSourcesBuildPhase;
			buildActionMask = 2147483647;
			files = (
				B11368652649D0E400B5AFC3 /* ViewController.swift in Sources */,
				B11368612649D0E400B5AFC3 /* AppDelegate.swift in Sources */,
				B11368632649D0E400B5AFC3 /* SceneDelegate.swift in Sources */,
				B17E3270266D2C8B00411842 /* SettingsViewController.swift in Sources */,
			);
			runOnlyForDeploymentPostprocessing = 0;
		};
		B113686F2649D0E500B5AFC3 /* Sources */ = {
			isa = PBXSourcesBuildPhase;
			buildActionMask = 2147483647;
			files = (
				B11368782649D0E500B5AFC3 /* PreworkTests.swift in Sources */,
			);
			runOnlyForDeploymentPostprocessing = 0;
		};
		B113687A2649D0E500B5AFC3 /* Sources */ = {
			isa = PBXSourcesBuildPhase;
			buildActionMask = 2147483647;
			files = (
				B11368832649D0E500B5AFC3 /* PreworkUITests.swift in Sources */,
			);
			runOnlyForDeploymentPostprocessing = 0;
		};
/* End PBXSourcesBuildPhase section */

/* Begin PBXTargetDependency section */
		B11368752649D0E500B5AFC3 /* PBXTargetDependency */ = {
			isa = PBXTargetDependency;
			target = B113685C2649D0E400B5AFC3 /* Prework */;
			targetProxy = B11368742649D0E500B5AFC3 /* PBXContainerItemProxy */;
		};
		B11368802649D0E500B5AFC3 /* PBXTargetDependency */ = {
			isa = PBXTargetDependency;
			target = B113685C2649D0E400B5AFC3 /* Prework */;
			targetProxy = B113687F2649D0E500B5AFC3 /* PBXContainerItemProxy */;
		};
/* End PBXTargetDependency section */

/* Begin PBXVariantGroup section */
		B11368662649D0E400B5AFC3 /* Main.storyboard */ = {
			isa = PBXVariantGroup;
			children = (
				B11368672649D0E400B5AFC3 /* Base */,
			);
			name = Main.storyboard;
			sourceTree = "<group>";
		};
		B113686B2649D0E500B5AFC3 /* LaunchScreen.storyboard */ = {
			isa = PBXVariantGroup;
			children = (
				B113686C2649D0E500B5AFC3 /* Base */,
			);
			name = LaunchScreen.storyboard;
			sourceTree = "<group>";
		};
/* End PBXVariantGroup section */

/* Begin XCBuildConfiguration section */
		B11368852649D0E500B5AFC3 /* Debug */ = {
			isa = XCBuildConfiguration;
			buildSettings = {
				ALWAYS_SEARCH_USER_PATHS = NO;
				CLANG_ANALYZER_NONNULL = YES;
				CLANG_ANALYZER_NUMBER_OBJECT_CONVERSION = YES_AGGRESSIVE;
				CLANG_CXX_LANGUAGE_STANDARD = "gnu++14";
				CLANG_CXX_LIBRARY = "libc++";
				CLANG_ENABLE_MODULES = YES;
				CLANG_ENABLE_OBJC_ARC = YES;
				CLANG_ENABLE_OBJC_WEAK = YES;
				CLANG_WARN_BLOCK_CAPTURE_AUTORELEASING = YES;
				CLANG_WARN_BOOL_CONVERSION = YES;
				CLANG_WARN_COMMA = YES;
				CLANG_WARN_CONSTANT_CONVERSION = YES;
				CLANG_WARN_DEPRECATED_OBJC_IMPLEMENTATIONS = YES;
				CLANG_WARN_DIRECT_OBJC_ISA_USAGE = YES_ERROR;
				CLANG_WARN_DOCUMENTATION_COMMENTS = YES;
				CLANG_WARN_EMPTY_BODY = YES;
				CLANG_WARN_ENUM_CONVERSION = YES;
				CLANG_WARN_INFINITE_RECURSION = YES;
				CLANG_WARN_INT_CONVERSION = YES;
				CLANG_WARN_NON_LITERAL_NULL_CONVERSION = YES;
				CLANG_WARN_OBJC_IMPLICIT_RETAIN_SELF = YES;
				CLANG_WARN_OBJC_LITERAL_CONVERSION = YES;
				CLANG_WARN_OBJC_ROOT_CLASS = YES_ERROR;
				CLANG_WARN_QUOTED_INCLUDE_IN_FRAMEWORK_HEADER = YES;
				CLANG_WARN_RANGE_LOOP_ANALYSIS = YES;
				CLANG_WARN_STRICT_PROTOTYPES = YES;
				CLANG_WARN_SUSPICIOUS_MOVE = YES;
				CLANG_WARN_UNGUARDED_AVAILABILITY = YES_AGGRESSIVE;
				CLANG_WARN_UNREACHABLE_CODE = YES;
				CLANG_WARN__DUPLICATE_METHOD_MATCH = YES;
				COPY_PHASE_STRIP = NO;
				DEBUG_INFORMATION_FORMAT = dwarf;
				ENABLE_STRICT_OBJC_MSGSEND = YES;
				ENABLE_TESTABILITY = YES;
				GCC_C_LANGUAGE_STANDARD = gnu11;
				GCC_DYNAMIC_NO_PIC = NO;
				GCC_NO_COMMON_BLOCKS = YES;
				GCC_OPTIMIZATION_LEVEL = 0;
				GCC_PREPROCESSOR_DEFINITIONS = (
					"DEBUG=1",
					"$(inherited)",
				);
				GCC_WARN_64_TO_32_BIT_CONVERSION = YES;
				GCC_WARN_ABOUT_RETURN_TYPE = YES_ERROR;
				GCC_WARN_UNDECLARED_SELECTOR = YES;
				GCC_WARN_UNINITIALIZED_AUTOS = YES_AGGRESSIVE;
				GCC_WARN_UNUSED_FUNCTION = YES;
				GCC_WARN_UNUSED_VARIABLE = YES;
				IPHONEOS_DEPLOYMENT_TARGET = 14.4;
				MTL_ENABLE_DEBUG_INFO = INCLUDE_SOURCE;
				MTL_FAST_MATH = YES;
				ONLY_ACTIVE_ARCH = YES;
				SDKROOT = iphoneos;
				SWIFT_ACTIVE_COMPILATION_CONDITIONS = DEBUG;
				SWIFT_OPTIMIZATION_LEVEL = "-Onone";
			};
			name = Debug;
		};
		B11368862649D0E500B5AFC3 /* Release */ = {
			isa = XCBuildConfiguration;
			buildSettings = {
				ALWAYS_SEARCH_USER_PATHS = NO;
				CLANG_ANALYZER_NONNULL = YES;
				CLANG_ANALYZER_NUMBER_OBJECT_CONVERSION = YES_AGGRESSIVE;
				CLANG_CXX_LANGUAGE_STANDARD = "gnu++14";
				CLANG_CXX_LIBRARY = "libc++";
				CLANG_ENABLE_MODULES = YES;
				CLANG_ENABLE_OBJC_ARC = YES;
				CLANG_ENABLE_OBJC_WEAK = YES;
				CLANG_WARN_BLOCK_CAPTURE_AUTORELEASING = YES;
				CLANG_WARN_BOOL_CONVERSION = YES;
				CLANG_WARN_COMMA = YES;
				CLANG_WARN_CONSTANT_CONVERSION = YES;
				CLANG_WARN_DEPRECATED_OBJC_IMPLEMENTATIONS = YES;
				CLANG_WARN_DIRECT_OBJC_ISA_USAGE = YES_ERROR;
				CLANG_WARN_DOCUMENTATION_COMMENTS = YES;
				CLANG_WARN_EMPTY_BODY = YES;
				CLANG_WARN_ENUM_CONVERSION = YES;
				CLANG_WARN_INFINITE_RECURSION = YES;
				CLANG_WARN_INT_CONVERSION = YES;
				CLANG_WARN_NON_LITERAL_NULL_CONVERSION = YES;
				CLANG_WARN_OBJC_IMPLICIT_RETAIN_SELF = YES;
				CLANG_WARN_OBJC_LITERAL_CONVERSION = YES;
				CLANG_WARN_OBJC_ROOT_CLASS = YES_ERROR;
				CLANG_WARN_QUOTED_INCLUDE_IN_FRAMEWORK_HEADER = YES;
				CLANG_WARN_RANGE_LOOP_ANALYSIS = YES;
				CLANG_WARN_STRICT_PROTOTYPES = YES;
				CLANG_WARN_SUSPICIOUS_MOVE = YES;
				CLANG_WARN_UNGUARDED_AVAILABILITY = YES_AGGRESSIVE;
				CLANG_WARN_UNREACHABLE_CODE = YES;
				CLANG_WARN__DUPLICATE_METHOD_MATCH = YES;
				COPY_PHASE_STRIP = NO;
				DEBUG_INFORMATION_FORMAT = "dwarf-with-dsym";
				ENABLE_NS_ASSERTIONS = NO;
				ENABLE_STRICT_OBJC_MSGSEND = YES;
				GCC_C_LANGUAGE_STANDARD = gnu11;
				GCC_NO_COMMON_BLOCKS = YES;
				GCC_WARN_64_TO_32_BIT_CONVERSION = YES;
				GCC_WARN_ABOUT_RETURN_TYPE = YES_ERROR;
				GCC_WARN_UNDECLARED_SELECTOR = YES;
				GCC_WARN_UNINITIALIZED_AUTOS = YES_AGGRESSIVE;
				GCC_WARN_UNUSED_FUNCTION = YES;
				GCC_WARN_UNUSED_VARIABLE = YES;
				IPHONEOS_DEPLOYMENT_TARGET = 14.4;
				MTL_ENABLE_DEBUG_INFO = NO;
				MTL_FAST_MATH = YES;
				SDKROOT = iphoneos;
				SWIFT_COMPILATION_MODE = wholemodule;
				SWIFT_OPTIMIZATION_LEVEL = "-O";
				VALIDATE_PRODUCT = YES;
			};
			name = Release;
		};
		B11368882649D0E500B5AFC3 /* Debug */ = {
			isa = XCBuildConfiguration;
			buildSettings = {
				ASSETCATALOG_COMPILER_APPICON_NAME = AppIcon;
				ASSETCATALOG_COMPILER_GLOBAL_ACCENT_COLOR_NAME = AccentColor;
				CODE_SIGN_STYLE = Automatic;
				INFOPLIST_FILE = Prework/Info.plist;
				LD_RUNPATH_SEARCH_PATHS = (
					"$(inherited)",
					"@executable_path/Frameworks",
				);
				PRODUCT_BUNDLE_IDENTIFIER = memo.com.Prework;
				PRODUCT_NAME = "$(TARGET_NAME)";
				SWIFT_VERSION = 5.0;
				TARGETED_DEVICE_FAMILY = "1,2";
			};
			name = Debug;
		};
		B11368892649D0E500B5AFC3 /* Release */ = {
			isa = XCBuildConfiguration;
			buildSettings = {
				ASSETCATALOG_COMPILER_APPICON_NAME = AppIcon;
				ASSETCATALOG_COMPILER_GLOBAL_ACCENT_COLOR_NAME = AccentColor;
				CODE_SIGN_STYLE = Automatic;
				INFOPLIST_FILE = Prework/Info.plist;
				LD_RUNPATH_SEARCH_PATHS = (
					"$(inherited)",
					"@executable_path/Frameworks",
				);
				PRODUCT_BUNDLE_IDENTIFIER = memo.com.Prework;
				PRODUCT_NAME = "$(TARGET_NAME)";
				SWIFT_VERSION = 5.0;
				TARGETED_DEVICE_FAMILY = "1,2";
			};
			name = Release;
		};
		B113688B2649D0E500B5AFC3 /* Debug */ = {
			isa = XCBuildConfiguration;
			buildSettings = {
				ALWAYS_EMBED_SWIFT_STANDARD_LIBRARIES = YES;
				BUNDLE_LOADER = "$(TEST_HOST)";
				CODE_SIGN_STYLE = Automatic;
				INFOPLIST_FILE = PreworkTests/Info.plist;
				IPHONEOS_DEPLOYMENT_TARGET = 14.4;
				LD_RUNPATH_SEARCH_PATHS = (
					"$(inherited)",
					"@executable_path/Frameworks",
					"@loader_path/Frameworks",
				);
				PRODUCT_BUNDLE_IDENTIFIER = memo.com.PreworkTests;
				PRODUCT_NAME = "$(TARGET_NAME)";
				SWIFT_VERSION = 5.0;
				TARGETED_DEVICE_FAMILY = "1,2";
				TEST_HOST = "$(BUILT_PRODUCTS_DIR)/Prework.app/Prework";
			};
			name = Debug;
		};
		B113688C2649D0E500B5AFC3 /* Release */ = {
			isa = XCBuildConfiguration;
			buildSettings = {
				ALWAYS_EMBED_SWIFT_STANDARD_LIBRARIES = YES;
				BUNDLE_LOADER = "$(TEST_HOST)";
				CODE_SIGN_STYLE = Automatic;
				INFOPLIST_FILE = PreworkTests/Info.plist;
				IPHONEOS_DEPLOYMENT_TARGET = 14.4;
				LD_RUNPATH_SEARCH_PATHS = (
					"$(inherited)",
					"@executable_path/Frameworks",
					"@loader_path/Frameworks",
				);
				PRODUCT_BUNDLE_IDENTIFIER = memo.com.PreworkTests;
				PRODUCT_NAME = "$(TARGET_NAME)";
				SWIFT_VERSION = 5.0;
				TARGETED_DEVICE_FAMILY = "1,2";
				TEST_HOST = "$(BUILT_PRODUCTS_DIR)/Prework.app/Prework";
			};
			name = Release;
		};
		B113688E2649D0E500B5AFC3 /* Debug */ = {
			isa = XCBuildConfiguration;
			buildSettings = {
				ALWAYS_EMBED_SWIFT_STANDARD_LIBRARIES = YES;
				CODE_SIGN_STYLE = Automatic;
				INFOPLIST_FILE = PreworkUITests/Info.plist;
				LD_RUNPATH_SEARCH_PATHS = (
					"$(inherited)",
					"@executable_path/Frameworks",
					"@loader_path/Frameworks",
				);
				PRODUCT_BUNDLE_IDENTIFIER = memo.com.PreworkUITests;
				PRODUCT_NAME = "$(TARGET_NAME)";
				SWIFT_VERSION = 5.0;
				TARGETED_DEVICE_FAMILY = "1,2";
				TEST_TARGET_NAME = Prework;
			};
			name = Debug;
		};
		B113688F2649D0E500B5AFC3 /* Release */ = {
			isa = XCBuildConfiguration;
			buildSettings = {
				ALWAYS_EMBED_SWIFT_STANDARD_LIBRARIES = YES;
				CODE_SIGN_STYLE = Automatic;
				INFOPLIST_FILE = PreworkUITests/Info.plist;
				LD_RUNPATH_SEARCH_PATHS = (
					"$(inherited)",
					"@executable_path/Frameworks",
					"@loader_path/Frameworks",
				);
				PRODUCT_BUNDLE_IDENTIFIER = memo.com.PreworkUITests;
				PRODUCT_NAME = "$(TARGET_NAME)";
				SWIFT_VERSION = 5.0;
				TARGETED_DEVICE_FAMILY = "1,2";
				TEST_TARGET_NAME = Prework;
			};
			name = Release;
		};
/* End XCBuildConfiguration section */

/* Begin XCConfigurationList section */
		B11368582649D0E400B5AFC3 /* Build configuration list for PBXProject "Prework" */ = {
			isa = XCConfigurationList;
			buildConfigurations = (
				B11368852649D0E500B5AFC3 /* Debug */,
				B11368862649D0E500B5AFC3 /* Release */,
			);
			defaultConfigurationIsVisible = 0;
			defaultConfigurationName = Release;
		};
		B11368872649D0E500B5AFC3 /* Build configuration list for PBXNativeTarget "Prework" */ = {
			isa = XCConfigurationList;
			buildConfigurations = (
				B11368882649D0E500B5AFC3 /* Debug */,
				B11368892649D0E500B5AFC3 /* Release */,
			);
			defaultConfigurationIsVisible = 0;
			defaultConfigurationName = Release;
		};
		B113688A2649D0E500B5AFC3 /* Build configuration list for PBXNativeTarget "PreworkTests" */ = {
			isa = XCConfigurationList;
			buildConfigurations = (
				B113688B2649D0E500B5AFC3 /* Debug */,
				B113688C2649D0E500B5AFC3 /* Release */,
			);
			defaultConfigurationIsVisible = 0;
			defaultConfigurationName = Release;
		};
		B113688D2649D0E500B5AFC3 /* Build configuration list for PBXNativeTarget "PreworkUITests" */ = {
			isa = XCConfigurationList;
			buildConfigurations = (
				B113688E2649D0E500B5AFC3 /* Debug */,
				B113688F2649D0E500B5AFC3 /* Release */,
			);
			defaultConfigurationIsVisible = 0;
			defaultConfigurationName = Release;
		};
/* End XCConfigurationList section */
	};
	rootObject = B11368552649D0E400B5AFC3 /* Project object */;
}
